# This file is autogenerated, do not edit; changes may be undone by the next 'dep ensure'.


[[projects]]
  name = "github.com/urfave/cli"
  packages = ["."]
  revision = "0bdeddeeb0f650497d603c4ad7b20cfe685682f6"
  version = "v1.19.1"

[[projects]]
  branch = "master"
  name = "github.com/zeebo/bencode"
  packages = ["."]
  revision = "03ce512f17ce5deb2c024518d504c6419f04d39d"

[solve-meta]
  analyzer-name = "dep"
  analyzer-version = 1
  inputs-digest = "c9d9d42ea716e2ca9cf4c36f86043717363269fb162cc54bb3077759d05193bc"
  solver-name = "gps-cdcl"
  solver-version = 1
